
Microsoft Visual Studio Solution File, Format Version 12.00
# Visual Studio Version 17
VisualStudioVersion = 17.5.002.0
MinimumVisualStudioVersion = 10.0.40219.1
Project("{9A19103F-16F7-4668-BE54-9A1E7A4F7556}") = "OpenContent-build", "OpenContent-build.csproj", "{96FDD0D2-6330-4665-A979-060EC7487EC1}"
EndProject
Project("{9A19103F-16F7-4668-BE54-9A1E7A4F7556}") = "OpenContent", "OpenContent.csproj", "{D4BB9800-2A99-4FBF-B654-CD05BC83ED04}"
EndProject
Global
	GlobalSection(SolutionConfigurationPlatforms) = preSolution
		Debug|Any CPU = Debug|Any CPU
		Release|Any CPU = Release|Any CPU
	EndGlobalSection
	GlobalSection(ProjectConfigurationPlatforms) = postSolution
		{96FDD0D2-6330-4665-A979-060EC7487EC1}.Debug|Any CPU.ActiveCfg = Debug|Any CPU
		{96FDD0D2-6330-4665-A979-060EC7487EC1}.Debug|Any CPU.Build.0 = Debug|Any CPU
		{96FDD0D2-6330-4665-A979-060EC7487EC1}.Release|Any CPU.ActiveCfg = Release|Any CPU
		{96FDD0D2-6330-4665-A979-060EC7487EC1}.Release|Any CPU.Build.0 = Release|Any CPU
		{D4BB9800-2A99-4FBF-B654-CD05BC83ED04}.Debug|Any CPU.ActiveCfg = Debug|Any CPU
		{D4BB9800-2A99-4FBF-B654-CD05BC83ED04}.Debug|Any CPU.Build.0 = Debug|Any CPU
		{D4BB9800-2A99-4FBF-B654-CD05BC83ED04}.Release|Any CPU.ActiveCfg = Release|Any CPU
		{D4BB9800-2A99-4FBF-B654-CD05BC83ED04}.Release|Any CPU.Build.0 = Release|Any CPU
	EndGlobalSection
	GlobalSection(SolutionProperties) = preSolution
		HideSolutionNode = FALSE
	EndGlobalSection
	GlobalSection(ExtensibilityGlobals) = postSolution
		SolutionGuid = {142A1FEE-9A41-4DD2-B7F6-77824F2EE50B}
	EndGlobalSection
EndGlobal
