{
  "requires": true,
  "lockfileVersion": 1,
  "dependencies": {
    "@fortawesome/fontawesome-common-types": {
      "version": "0.2.36",
      "resolved": "https://registry.npmjs.org/@fortawesome/fontawesome-common-types/-/fontawesome-common-types-0.2.36.tgz",
      "integrity": "sha512-a/7BiSgobHAgBWeN7N0w+lAhInrGxksn13uK7231n2m8EDPE3BMCl9NZLTGrj9ZXfCmC6LM0QLqXidIizVQ6yg=="
    },
    "@fortawesome/fontawesome-svg-core": {
      "version": "1.2.36",
      "resolved": "https://registry.npmjs.org/@fortawesome/fontawesome-svg-core/-/fontawesome-svg-core-1.2.36.tgz",
      "integrity": "sha512-YUcsLQKYb6DmaJjIHdDWpBIGCcyE/W+p/LMGvjQem55Mm2XWVAP5kWTMKWLv9lwpCVjpLxPyOMOyUocP1GxrtA==",
      "requires": {
        "@fortawesome/fontawesome-common-types": "^0.2.36"
      }
    },
    "@fortawesome/free-brands-svg-icons": {
      "version": "5.15.4",
      "resolved": "https://registry.npmjs.org/@fortawesome/free-brands-svg-icons/-/free-brands-svg-icons-5.15.4.tgz",
      "integrity": "sha512-f1witbwycL9cTENJegcmcZRYyawAFbm8+c6IirLmwbbpqz46wyjbQYLuxOc7weXFXfB7QR8/Vd2u5R3q6JYD9g==",
      "requires": {
        "@fortawesome/fontawesome-common-types": "^0.2.36"
      }
    },
    "@fortawesome/free-solid-svg-icons": {
      "version": "5.15.4",
      "resolved": "https://registry.npmjs.org/@fortawesome/free-solid-svg-icons/-/free-solid-svg-icons-5.15.4.tgz",
      "integrity": "sha512-JLmQfz6tdtwxoihXLg6lT78BorrFyCf59SAwBM6qV/0zXyVeDygJVb3fk+j5Qat+Yvcxp1buLTY5iDh1ZSAQ8w==",
      "requires": {
        "@fortawesome/fontawesome-common-types": "^0.2.36"
      }
    },
    "@fortawesome/vue-fontawesome": {
      "version": "2.0.6",
      "resolved": "https://registry.npmjs.org/@fortawesome/vue-fontawesome/-/vue-fontawesome-2.0.6.tgz",
      "integrity": "sha512-V3vT3flY15AKbUS31aZOP12awQI3aAzkr2B1KnqcHLmwrmy51DW3pwyBczKdypV8QxBZ8U68Hl2XxK2nudTxpg=="
    },
    "ckeditor4-vue": {
      "version": "0.2.0",
      "resolved": "https://registry.npmjs.org/ckeditor4-vue/-/ckeditor4-vue-0.2.0.tgz",
      "integrity": "sha512-/I5Ll4klTlBYwokCLop9/eo9lxfyXuIErpLUW/HZLEY9hYgMQVbL06hawkbTXh7R22zgA51s6RIuYCyJf49r2Q==",
      "requires": {
        "load-script": "^1.0.0"
      }
    },
    "core-js": {
      "version": "3.22.4",
      "resolved": "https://registry.npmjs.org/core-js/-/core-js-3.22.4.tgz",
      "integrity": "sha512-1uLykR+iOfYja+6Jn/57743gc9n73EWiOnSJJ4ba3B4fOEYDBv25MagmEZBxTp5cWq4b/KPx/l77zgsp28ju4w=="
    },
    "cropperjs": {
      "version": "1.5.12",
      "resolved": "https://registry.npmjs.org/cropperjs/-/cropperjs-1.5.12.tgz",
      "integrity": "sha512-re7UdjE5UnwdrovyhNzZ6gathI4Rs3KGCBSc8HCIjUo5hO42CtzyblmWLj6QWVw7huHyDMfpKxhiO2II77nhDw=="
    },
    "d": {
      "version": "1.0.1",
      "resolved": "https://registry.npmjs.org/d/-/d-1.0.1.tgz",
      "integrity": "sha512-m62ShEObQ39CfralilEQRjH6oAMtNCV1xJyEx5LpRYUVN+EviphDgUc/F3hnYbADmkiNs67Y+3ylmlG7Lnu+FA==",
      "requires": {
        "es5-ext": "^0.10.50",
        "type": "^1.0.1"
      }
    },
    "es5-ext": {
      "version": "0.10.61",
      "resolved": "https://registry.npmjs.org/es5-ext/-/es5-ext-0.10.61.tgz",
      "integrity": "sha512-yFhIqQAzu2Ca2I4SE2Au3rxVfmohU9Y7wqGR+s7+H7krk26NXhIRAZDgqd6xqjCEFUomDEA3/Bo/7fKmIkW1kA==",
      "requires": {
        "es6-iterator": "^2.0.3",
        "es6-symbol": "^3.1.3",
        "next-tick": "^1.1.0"
      }
    },
    "es6-iterator": {
      "version": "2.0.3",
      "resolved": "https://registry.npmjs.org/es6-iterator/-/es6-iterator-2.0.3.tgz",
      "integrity": "sha1-p96IkUGgWpSwhUQDstCg+/qY87c=",
      "requires": {
        "d": "1",
        "es5-ext": "^0.10.35",
        "es6-symbol": "^3.1.1"
      }
    },
    "es6-symbol": {
      "version": "3.1.3",
      "resolved": "https://registry.npmjs.org/es6-symbol/-/es6-symbol-3.1.3.tgz",
      "integrity": "sha512-NJ6Yn3FuDinBaBRWl/q5X/s4koRHBrgKAu+yGI6JCBeiu3qrcbJhwT2GeR/EXVfylRk8dpQVJoLEFhK+Mu31NA==",
      "requires": {
        "d": "^1.0.1",
        "ext": "^1.1.2"
      }
    },
    "ext": {
      "version": "1.6.0",
      "resolved": "https://registry.npmjs.org/ext/-/ext-1.6.0.tgz",
      "integrity": "sha512-sdBImtzkq2HpkdRLtlLWDa6w4DX22ijZLKx8BMPUuKe1c5lbN6xwQDQCxSfxBQnHZ13ls/FH0MQZx/q/gr6FQg==",
      "requires": {
        "type": "^2.5.0"
      },
      "dependencies": {
        "type": {
          "version": "2.6.0",
          "resolved": "https://registry.npmjs.org/type/-/type-2.6.0.tgz",
          "integrity": "sha512-eiDBDOmkih5pMbo9OqsqPRGMljLodLcwd5XD5JbtNB0o89xZAwynY9EdCDsJU7LtcVCClu9DvM7/0Ep1hYX3EQ=="
        }
      }
    },
    "lamavue": {
      "version": "github:sachatrauwaen/lamavue#f393539e700be861fcb9d5241da303753e4385a2",
      "from": "github:sachatrauwaen/lamavue",
      "requires": {
        "@fortawesome/fontawesome-svg-core": "^1.2.35",
        "@fortawesome/free-brands-svg-icons": "^5.15.3",
        "@fortawesome/free-solid-svg-icons": "^5.15.3",
        "@fortawesome/vue-fontawesome": "^2.0.2",
        "ckeditor4-vue": "^0.2.0",
        "core-js": "^3.6.4",
        "vee-validate": "^3.2.5",
        "vue": "^2.6.11",
        "vue-cropperjs": "^4.0.1",
        "vue-ctk-date-time-picker": "^2.4.0",
        "vue-i18n": "^8.16.0",
        "vue-select": "^3.10.0"
      }
    },
    "load-script": {
      "version": "1.0.0",
      "resolved": "https://registry.npmjs.org/load-script/-/load-script-1.0.0.tgz",
      "integrity": "sha1-BJGTngvuVkPuSUp+PaPSuscMbKQ="
    },
    "moment": {
      "version": "2.29.3",
      "resolved": "https://registry.npmjs.org/moment/-/moment-2.29.3.tgz",
      "integrity": "sha512-c6YRvhEo//6T2Jz/vVtYzqBzwvPT95JBQ+smCytzf7c50oMZRsR/a4w88aD34I+/QVSfnoAnSBFPJHItlOMJVw=="
    },
    "moment-range": {
      "version": "4.0.2",
      "resolved": "https://registry.npmjs.org/moment-range/-/moment-range-4.0.2.tgz",
      "integrity": "sha512-n8sceWwSTjmz++nFHzeNEUsYtDqjgXgcOBzsHi+BoXQU2FW+eU92LUaK8gqOiSu5PG57Q9sYj1Fz4LRDj4FtKA==",
      "requires": {
        "es6-symbol": "^3.1.0"
      }
    },
    "next-tick": {
      "version": "1.1.0",
      "resolved": "https://registry.npmjs.org/next-tick/-/next-tick-1.1.0.tgz",
      "integrity": "sha512-CXdUiJembsNjuToQvxayPZF9Vqht7hewsvy2sOWafLvi2awflj9mOC6bHIg50orX8IJvWKY9wYQ/zB2kogPslQ=="
    },
    "type": {
      "version": "1.2.0",
      "resolved": "https://registry.npmjs.org/type/-/type-1.2.0.tgz",
      "integrity": "sha512-+5nt5AAniqsCnu2cEQQdpzCAh33kVx8n0VoFidKpB1dVVLAN/F+bgVOqOJqOnEnrhp222clB5p3vUlD+1QAnfg=="
    },
    "v-click-outside": {
      "version": "2.1.5",
      "resolved": "https://registry.npmjs.org/v-click-outside/-/v-click-outside-2.1.5.tgz",
      "integrity": "sha512-VPNCOTZK6WZy73lcWc+R7IW1uaBFEO3/Csrs5CzWVOdvE30V8Y1+BE/BtTlcEmeDGx0eqdE7bSCg55Jj37PMJg=="
    },
    "vee-validate": {
      "version": "3.4.14",
      "resolved": "https://registry.npmjs.org/vee-validate/-/vee-validate-3.4.14.tgz",
      "integrity": "sha512-Hqqic8G9WcRSIzCxiCPqMZv4qB8JE1lIQqIOLDm2K5BXUiL8d4a2+kqkanv8gQSGDzYpnCQZ7BO/T99Aj05T1Q=="
    },
    "vue": {
      "version": "2.6.14",
      "resolved": "https://registry.npmjs.org/vue/-/vue-2.6.14.tgz",
      "integrity": "sha512-x2284lgYvjOMj3Za7kqzRcUSxBboHqtgRE2zlos1qWaOye5yUmHn42LB1250NJBLRwEcdrB0JRwyPTEPhfQjiQ=="
    },
    "vue-cropperjs": {
      "version": "4.2.0",
      "resolved": "https://registry.npmjs.org/vue-cropperjs/-/vue-cropperjs-4.2.0.tgz",
      "integrity": "sha512-dvwCBtjGMiznkNIK2GFd1SQm1x+wmtWg4g4t+NrJSPj/fpHnubXxAUOIvY7lMFeR2lawRLsigCaGZrcXCzuTKA==",
      "requires": {
        "cropperjs": "^1.5.6"
      }
    },
    "vue-ctk-date-time-picker": {
      "version": "2.5.0",
      "resolved": "https://registry.npmjs.org/vue-ctk-date-time-picker/-/vue-ctk-date-time-picker-2.5.0.tgz",
      "integrity": "sha512-s4AO+5xnPlX+LD5UPQcjLBnv8MwcEJKlKUnkTLQeXRV0xqpH9pWRe6aJ8N2+506mEN6b7iwhlFox6uKKdtK+gw==",
      "requires": {
        "moment": "^2.24.0",
        "moment-range": "^4.0.1",
        "v-click-outside": "^2.0.2",
        "vue": "^2.6.9"
      }
    },
    "vue-i18n": {
      "version": "8.27.1",
      "resolved": "https://registry.npmjs.org/vue-i18n/-/vue-i18n-8.27.1.tgz",
      "integrity": "sha512-lWrGm4F25qReJ7XxSnFVb2h3PfW54ldnM4C+YLBGGJ75+Myt/kj4hHSTKqsyDLamvNYpvINMicSOdW+7yuqgIQ=="
    },
    "vue-select": {
      "version": "3.18.3",
      "resolved": "https://registry.npmjs.org/vue-select/-/vue-select-3.18.3.tgz",
      "integrity": "sha512-nKmwxEDO4RRoZ6lWkkVE2bpgne7IJSRzSh1pIawLI7dJLZbtJuSgA0xGaLrT0pUp+JYHBDul242PwOBDHi28vg=="
    }
  }
}
